
Microsoft Visual Studio Solution File, Format Version 12.00
# Visual Studio 14
VisualStudioVersion = 14.0.25420.1
MinimumVisualStudioVersion = 10.0.40219.1
Project("{FAE04EC0-301F-11D3-BF4B-00C04F79EFBC}") = "Cthoni", "Cthoni\Cthoni.csproj", "{93C77FAB-C491-415E-9BDD-419A9BA42ADC}"
EndProject
Project("{FAE04EC0-301F-11D3-BF4B-00C04F79EFBC}") = "Cthoni.Core", "Cthoni.Core\Cthoni.Core.csproj", "{9363F8AF-222B-4979-913D-2D173188727F}"
EndProject
Project("{2150E333-8FDC-42A3-9474-1A3956D46DE8}") = "Miscellaneous", "Miscellaneous", "{8DEB6B48-CE10-465E-A476-4B2673B9C9AC}"
	ProjectSection(SolutionItems) = preProject
		.gitignore = .gitignore
	EndProjectSection
EndProject
Project("{FAE04EC0-301F-11D3-BF4B-00C04F79EFBC}") = "Cthoni.Utilities", "Cthoni.Utilities\Cthoni.Utilities.csproj", "{02109D05-7D09-4E01-A495-4EA2BCDB66FF}"
EndProject
Global
	GlobalSection(SolutionConfigurationPlatforms) = preSolution
		Debug|Any CPU = Debug|Any CPU
		Release|Any CPU = Release|Any CPU
	EndGlobalSection
	GlobalSection(ProjectConfigurationPlatforms) = postSolution
		{93C77FAB-C491-415E-9BDD-419A9BA42ADC}.Debug|Any CPU.ActiveCfg = Debug|Any CPU
		{93C77FAB-C491-415E-9BDD-419A9BA42ADC}.Debug|Any CPU.Build.0 = Debug|Any CPU
		{93C77FAB-C491-415E-9BDD-419A9BA42ADC}.Release|Any CPU.ActiveCfg = Release|Any CPU
		{93C77FAB-C491-415E-9BDD-419A9BA42ADC}.Release|Any CPU.Build.0 = Release|Any CPU
		{9363F8AF-222B-4979-913D-2D173188727F}.Debug|Any CPU.ActiveCfg = Debug|Any CPU
		{9363F8AF-222B-4979-913D-2D173188727F}.Debug|Any CPU.Build.0 = Debug|Any CPU
		{9363F8AF-222B-4979-913D-2D173188727F}.Release|Any CPU.ActiveCfg = Release|Any CPU
		{9363F8AF-222B-4979-913D-2D173188727F}.Release|Any CPU.Build.0 = Release|Any CPU
		{02109D05-7D09-4E01-A495-4EA2BCDB66FF}.Debug|Any CPU.ActiveCfg = Debug|Any CPU
		{02109D05-7D09-4E01-A495-4EA2BCDB66FF}.Debug|Any CPU.Build.0 = Debug|Any CPU
		{02109D05-7D09-4E01-A495-4EA2BCDB66FF}.Release|Any CPU.ActiveCfg = Release|Any CPU
		{02109D05-7D09-4E01-A495-4EA2BCDB66FF}.Release|Any CPU.Build.0 = Release|Any CPU
	EndGlobalSection
	GlobalSection(SolutionProperties) = preSolution
		HideSolutionNode = FALSE
	EndGlobalSection
EndGlobal
